
Microsoft Visual Studio Solution File, Format Version 12.00
# Visual Studio Version 17
VisualStudioVersion = 17.2.32616.157
MinimumVisualStudioVersion = 10.0.40219.1
Project("{FAE04EC0-301F-11D3-BF4B-00C04F79EFBC}") = "Parkplatz", "Parkplatz\Parkplatz.csproj", "{D552BD64-66B8-43E0-B345-264EB0B46F77}"
EndProject
Global
	GlobalSection(SolutionConfigurationPlatforms) = preSolution
		Debug|Any CPU = Debug|Any CPU
		Release|Any CPU = Release|Any CPU
	EndGlobalSection
	GlobalSection(ProjectConfigurationPlatforms) = postSolution
		{D552BD64-66B8-43E0-B345-264EB0B46F77}.Debug|Any CPU.ActiveCfg = Debug|Any CPU
		{D552BD64-66B8-43E0-B345-264EB0B46F77}.Debug|Any CPU.Build.0 = Debug|Any CPU
		{D552BD64-66B8-43E0-B345-264EB0B46F77}.Release|Any CPU.ActiveCfg = Release|Any CPU
		{D552BD64-66B8-43E0-B345-264EB0B46F77}.Release|Any CPU.Build.0 = Release|Any CPU
	EndGlobalSection
	GlobalSection(SolutionProperties) = preSolution
		HideSolutionNode = FALSE
	EndGlobalSection
	GlobalSection(ExtensibilityGlobals) = postSolution
		SolutionGuid = {7281B31C-9649-4C89-A204-CA4F3D819659}
	EndGlobalSection
EndGlobal
